
Microsoft Visual Studio Solution File, Format Version 12.00
# Visual Studio Version 17
VisualStudioVersion = 17.14.36414.22 d17.14
MinimumVisualStudioVersion = 10.0.40219.1
Project("{FAE04EC0-301F-11D3-BF4B-00C04F79EFBC}") = "Volta Projeto Taskool", "Volta Projeto Taskool\Volta Projeto Taskool.csproj", "{807DD701-D682-4CCB-BF95-56207D231E2B}"
EndProject
Global
	GlobalSection(SolutionConfigurationPlatforms) = preSolution
		Debug|Any CPU = Debug|Any CPU
		Release|Any CPU = Release|Any CPU
	EndGlobalSection
	GlobalSection(ProjectConfigurationPlatforms) = postSolution
		{807DD701-D682-4CCB-BF95-56207D231E2B}.Debug|Any CPU.ActiveCfg = Debug|Any CPU
		{807DD701-D682-4CCB-BF95-56207D231E2B}.Debug|Any CPU.Build.0 = Debug|Any CPU
		{807DD701-D682-4CCB-BF95-56207D231E2B}.Release|Any CPU.ActiveCfg = Release|Any CPU
		{807DD701-D682-4CCB-BF95-56207D231E2B}.Release|Any CPU.Build.0 = Release|Any CPU
	EndGlobalSection
	GlobalSection(SolutionProperties) = preSolution
		HideSolutionNode = FALSE
	EndGlobalSection
	GlobalSection(ExtensibilityGlobals) = postSolution
		SolutionGuid = {C9D25E5D-D791-43B7-A53E-859645BFEDB9}
	EndGlobalSection
EndGlobal
